{
  "name": "jakeflem",
  "version": "1.0.0",
  "lockfileVersion": 1,
  "requires": true,
  "dependencies": {
    "blendid": {
      "version": "4.5.2",
      "resolved": "https://registry.npmjs.org/blendid/-/blendid-4.5.2.tgz",
      "integrity": "sha512-7FUAGc8MOtF3zReXmgXB472hpfW8oCJFIQPBSa5vwbNodcUbgfck+X8R+fGtUDUknXn7epo6VVi9AUqik/dIlA=="
    }
  }
}
